
Microsoft Visual Studio Solution File, Format Version 12.00
# Visual Studio Version 16
VisualStudioVersion = 16.0.30621.155
MinimumVisualStudioVersion = 10.0.40219.1
Project("{6EC3EE1D-3C4E-46DD-8F32-0CC8E7565705}") = "TwitterEngine", "TwitterEngine\TwitterEngine.fsproj", "{7946A103-2B52-4882-9C61-A41E33941839}"
EndProject
Global
	GlobalSection(SolutionConfigurationPlatforms) = preSolution
		Debug|Any CPU = Debug|Any CPU
		Release|Any CPU = Release|Any CPU
	EndGlobalSection
	GlobalSection(ProjectConfigurationPlatforms) = postSolution
		{7946A103-2B52-4882-9C61-A41E33941839}.Debug|Any CPU.ActiveCfg = Debug|Any CPU
		{7946A103-2B52-4882-9C61-A41E33941839}.Debug|Any CPU.Build.0 = Debug|Any CPU
		{7946A103-2B52-4882-9C61-A41E33941839}.Release|Any CPU.ActiveCfg = Release|Any CPU
		{7946A103-2B52-4882-9C61-A41E33941839}.Release|Any CPU.Build.0 = Release|Any CPU
	EndGlobalSection
	GlobalSection(SolutionProperties) = preSolution
		HideSolutionNode = FALSE
	EndGlobalSection
	GlobalSection(ExtensibilityGlobals) = postSolution
		SolutionGuid = {06B7CCCD-A4F0-4C1A-9A93-C6503FA6CD3B}
	EndGlobalSection
EndGlobal
