
Microsoft Visual Studio Solution File, Format Version 12.00
# Visual Studio Version 16
VisualStudioVersion = 16.0.30621.155
MinimumVisualStudioVersion = 10.0.40219.1
Project("{6EC3EE1D-3C4E-46DD-8F32-0CC8E7565705}") = "TwitterUser", "TwitterUser\TwitterUser.fsproj", "{137FE9BD-4CFD-42C1-9DCE-3FEA687878B3}"
EndProject
Global
	GlobalSection(SolutionConfigurationPlatforms) = preSolution
		Debug|Any CPU = Debug|Any CPU
		Release|Any CPU = Release|Any CPU
	EndGlobalSection
	GlobalSection(ProjectConfigurationPlatforms) = postSolution
		{137FE9BD-4CFD-42C1-9DCE-3FEA687878B3}.Debug|Any CPU.ActiveCfg = Debug|Any CPU
		{137FE9BD-4CFD-42C1-9DCE-3FEA687878B3}.Debug|Any CPU.Build.0 = Debug|Any CPU
		{137FE9BD-4CFD-42C1-9DCE-3FEA687878B3}.Release|Any CPU.ActiveCfg = Release|Any CPU
		{137FE9BD-4CFD-42C1-9DCE-3FEA687878B3}.Release|Any CPU.Build.0 = Release|Any CPU
	EndGlobalSection
	GlobalSection(SolutionProperties) = preSolution
		HideSolutionNode = FALSE
	EndGlobalSection
	GlobalSection(ExtensibilityGlobals) = postSolution
		SolutionGuid = {AB53FBBC-2A94-4919-AC35-494AD7BABB07}
	EndGlobalSection
EndGlobal
